
Microsoft Visual Studio Solution File, Format Version 12.00
# Visual Studio Version 16
VisualStudioVersion = 16.0.31829.152
MinimumVisualStudioVersion = 10.0.40219.1
Project("{FAE04EC0-301F-11D3-BF4B-00C04F79EFBC}") = "lab4", "lab4\lab4.csproj", "{36181E57-8BE8-4D95-87D2-BA6AD57D2EA9}"
EndProject
Project("{FAE04EC0-301F-11D3-BF4B-00C04F79EFBC}") = "loopWhile", "loopWhile\loopWhile.csproj", "{66F74650-9218-48CD-87D1-E945FAE7AB83}"
EndProject
Project("{FAE04EC0-301F-11D3-BF4B-00C04F79EFBC}") = "loopDo", "loopDo\loopDo.csproj", "{E487DC95-577D-4917-9814-CE63451D088F}"
EndProject
Global
	GlobalSection(SolutionConfigurationPlatforms) = preSolution
		Debug|Any CPU = Debug|Any CPU
		Release|Any CPU = Release|Any CPU
	EndGlobalSection
	GlobalSection(ProjectConfigurationPlatforms) = postSolution
		{36181E57-8BE8-4D95-87D2-BA6AD57D2EA9}.Debug|Any CPU.ActiveCfg = Debug|Any CPU
		{36181E57-8BE8-4D95-87D2-BA6AD57D2EA9}.Debug|Any CPU.Build.0 = Debug|Any CPU
		{36181E57-8BE8-4D95-87D2-BA6AD57D2EA9}.Release|Any CPU.ActiveCfg = Release|Any CPU
		{36181E57-8BE8-4D95-87D2-BA6AD57D2EA9}.Release|Any CPU.Build.0 = Release|Any CPU
		{66F74650-9218-48CD-87D1-E945FAE7AB83}.Debug|Any CPU.ActiveCfg = Debug|Any CPU
		{66F74650-9218-48CD-87D1-E945FAE7AB83}.Debug|Any CPU.Build.0 = Debug|Any CPU
		{66F74650-9218-48CD-87D1-E945FAE7AB83}.Release|Any CPU.ActiveCfg = Release|Any CPU
		{66F74650-9218-48CD-87D1-E945FAE7AB83}.Release|Any CPU.Build.0 = Release|Any CPU
		{E487DC95-577D-4917-9814-CE63451D088F}.Debug|Any CPU.ActiveCfg = Debug|Any CPU
		{E487DC95-577D-4917-9814-CE63451D088F}.Debug|Any CPU.Build.0 = Debug|Any CPU
		{E487DC95-577D-4917-9814-CE63451D088F}.Release|Any CPU.ActiveCfg = Release|Any CPU
		{E487DC95-577D-4917-9814-CE63451D088F}.Release|Any CPU.Build.0 = Release|Any CPU
	EndGlobalSection
	GlobalSection(SolutionProperties) = preSolution
		HideSolutionNode = FALSE
	EndGlobalSection
	GlobalSection(ExtensibilityGlobals) = postSolution
		SolutionGuid = {4AFF2EC0-9C70-492F-83B8-CE93920BD66D}
	EndGlobalSection
EndGlobal
